
Microsoft Visual Studio Solution File, Format Version 12.00
# Visual Studio 15
VisualStudioVersion = 15.0.28010.2046
MinimumVisualStudioVersion = 10.0.40219.1
Project("{54435603-DBB4-11D2-8724-00A0C9A8B90C}") = "WitnessRandomizerInstaller", "WitnessRandomizerInstaller.vdproj", "{BBF9ED06-A4A7-4574-A15A-CF12489F45B8}"
EndProject
Project("{8BC9CEB8-8B4A-11D0-8D11-00A0C91BC942}") = "WitnessRandomizer", "WitnessRandomizer\WitnessRandomizer.vcxproj", "{1563D1E2-0A18-4AFC-8D6F-9F8D9A433F31}"
EndProject
Global
	GlobalSection(SolutionConfigurationPlatforms) = preSolution
		Debug|x64 = Debug|x64
		Debug|x86 = Debug|x86
		Release|x64 = Release|x64
		Release|x86 = Release|x86
	EndGlobalSection
	GlobalSection(ProjectConfigurationPlatforms) = postSolution
		{BBF9ED06-A4A7-4574-A15A-CF12489F45B8}.Debug|x64.ActiveCfg = Debug
		{BBF9ED06-A4A7-4574-A15A-CF12489F45B8}.Debug|x64.Build.0 = Debug
		{BBF9ED06-A4A7-4574-A15A-CF12489F45B8}.Debug|x86.ActiveCfg = Debug
		{BBF9ED06-A4A7-4574-A15A-CF12489F45B8}.Debug|x86.Build.0 = Debug
		{BBF9ED06-A4A7-4574-A15A-CF12489F45B8}.Release|x64.ActiveCfg = Release
		{BBF9ED06-A4A7-4574-A15A-CF12489F45B8}.Release|x64.Build.0 = Release
		{BBF9ED06-A4A7-4574-A15A-CF12489F45B8}.Release|x86.ActiveCfg = Release
		{BBF9ED06-A4A7-4574-A15A-CF12489F45B8}.Release|x86.Build.0 = Release
		{1563D1E2-0A18-4AFC-8D6F-9F8D9A433F31}.Debug|x64.ActiveCfg = Debug|x64
		{1563D1E2-0A18-4AFC-8D6F-9F8D9A433F31}.Debug|x64.Build.0 = Debug|x64
		{1563D1E2-0A18-4AFC-8D6F-9F8D9A433F31}.Debug|x86.ActiveCfg = Debug|Win32
		{1563D1E2-0A18-4AFC-8D6F-9F8D9A433F31}.Debug|x86.Build.0 = Debug|Win32
		{1563D1E2-0A18-4AFC-8D6F-9F8D9A433F31}.Release|x64.ActiveCfg = Release|x64
		{1563D1E2-0A18-4AFC-8D6F-9F8D9A433F31}.Release|x64.Build.0 = Release|x64
		{1563D1E2-0A18-4AFC-8D6F-9F8D9A433F31}.Release|x86.ActiveCfg = Release|Win32
		{1563D1E2-0A18-4AFC-8D6F-9F8D9A433F31}.Release|x86.Build.0 = Release|Win32
	EndGlobalSection
	GlobalSection(SolutionProperties) = preSolution
		HideSolutionNode = FALSE
	EndGlobalSection
	GlobalSection(ExtensibilityGlobals) = postSolution
		SolutionGuid = {16A86E99-24E8-45C7-A6E2-1FA2C179A898}
	EndGlobalSection
EndGlobal
